// !$*UTF8*$!
{
	archiveVersion = 1;
	classes = {
	};
	objectVersion = 54;
	objects = {

/* Begin PBXBuildFile section */
		171630DC282BD3B8001F799E /* Reader.swift in Sources */ = {isa = PBXBuildFile; fileRef = 171630DB282BD3B8001F799E /* Reader.swift */; };
		172DE72027F4B30D00882059 /* H3N_tLeApp.swift in Sources */ = {isa = PBXBuildFile; fileRef = 172DE71F27F4B30D00882059 /* H3N_tLeApp.swift */; };
		172DE72227F4B30D00882059 /* ContentView.swift in Sources */ = {isa = PBXBuildFile; fileRef = 172DE72127F4B30D00882059 /* ContentView.swift */; };
		172DE72427F4B31000882059 /* Assets.xcassets in Resources */ = {isa = PBXBuildFile; fileRef = 172DE72327F4B31000882059 /* Assets.xcassets */; };
		172DE72727F4B31000882059 /* Preview Assets.xcassets in Resources */ = {isa = PBXBuildFile; fileRef = 172DE72627F4B31000882059 /* Preview Assets.xcassets */; };
		172E623B284792E10039B5F0 /* SeriesView.swift in Sources */ = {isa = PBXBuildFile; fileRef = 172E623A284792E10039B5F0 /* SeriesView.swift */; };
		17361EA527F5AC85000D70CF /* DownloadTab.swift in Sources */ = {isa = PBXBuildFile; fileRef = 17361EA427F5AC85000D70CF /* DownloadTab.swift */; };
		17361EA727F5ACD0000D70CF /* LibraryTab.swift in Sources */ = {isa = PBXBuildFile; fileRef = 17361EA627F5ACD0000D70CF /* LibraryTab.swift */; };
		17361EA927F5AD05000D70CF /* SettingsTab.swift in Sources */ = {isa = PBXBuildFile; fileRef = 17361EA827F5AD05000D70CF /* SettingsTab.swift */; };
		17361EB227F72937000D70CF /* PluginList.swift in Sources */ = {isa = PBXBuildFile; fileRef = 17361EB127F72937000D70CF /* PluginList.swift */; };
		17B28F4828621FB9000B66C2 /* IdentifiableAnyStruct.swift in Sources */ = {isa = PBXBuildFile; fileRef = 17B28F4728621FB9000B66C2 /* IdentifiableAnyStruct.swift */; };
		17B28F4E286362D2000B66C2 /* InformationOnTrust.swift in Sources */ = {isa = PBXBuildFile; fileRef = 17B28F4D286362D2000B66C2 /* InformationOnTrust.swift */; };
		416AE2622853981B00224AF2 /* JSRunner.swift in Sources */ = {isa = PBXBuildFile; fileRef = 416AE2612853981B00224AF2 /* JSRunner.swift */; };
		416AE264285399FA00224AF2 /* WebView.swift in Sources */ = {isa = PBXBuildFile; fileRef = 416AE263285399FA00224AF2 /* WebView.swift */; };
		416AE26628554EB200224AF2 /* JSRunnerDefaultScript.js in Resources */ = {isa = PBXBuildFile; fileRef = 416AE26528554EB200224AF2 /* JSRunnerDefaultScript.js */; };
		41A3326E28528E450009A6EC /* PlugInManager.swift in Sources */ = {isa = PBXBuildFile; fileRef = 41A3326D28528E450009A6EC /* PlugInManager.swift */; };
		41A3327028528FCF0009A6EC /* PlugIn.swift in Sources */ = {isa = PBXBuildFile; fileRef = 41A3326F28528FCF0009A6EC /* PlugIn.swift */; };
		41C8D41B285A1ED2008D0EC7 /* LibraryDefaultScript.js in Resources */ = {isa = PBXBuildFile; fileRef = 41C8D41A285A1ED2008D0EC7 /* LibraryDefaultScript.js */; };
		41F87F202856471C00E53699 /* Library.swift in Sources */ = {isa = PBXBuildFile; fileRef = 41F87F1F2856471C00E53699 /* Library.swift */; };
		41F87F222856778C00E53699 /* Series.swift in Sources */ = {isa = PBXBuildFile; fileRef = 41F87F212856778C00E53699 /* Series.swift */; };
		DCD0EE7A27FA3A9A00AFDCB7 /* Utils.swift in Sources */ = {isa = PBXBuildFile; fileRef = DCD0EE7927FA3A9A00AFDCB7 /* Utils.swift */; };
/* End PBXBuildFile section */

/* Begin PBXFileReference section */
		171630DB282BD3B8001F799E /* Reader.swift */ = {isa = PBXFileReference; lastKnownFileType = sourcecode.swift; path = Reader.swift; sourceTree = "<group>"; };
		172DE71C27F4B30D00882059 /* H3N-tLe.app */ = {isa = PBXFileReference; explicitFileType = wrapper.application; includeInIndex = 0; path = "H3N-tLe.app"; sourceTree = BUILT_PRODUCTS_DIR; };
		172DE71F27F4B30D00882059 /* H3N_tLeApp.swift */ = {isa = PBXFileReference; lastKnownFileType = sourcecode.swift; path = H3N_tLeApp.swift; sourceTree = "<group>"; };
		172DE72127F4B30D00882059 /* ContentView.swift */ = {isa = PBXFileReference; lastKnownFileType = sourcecode.swift; path = ContentView.swift; sourceTree = "<group>"; tabWidth = 4; };
		172DE72327F4B31000882059 /* Assets.xcassets */ = {isa = PBXFileReference; lastKnownFileType = folder.assetcatalog; path = Assets.xcassets; sourceTree = "<group>"; };
		172DE72627F4B31000882059 /* Preview Assets.xcassets */ = {isa = PBXFileReference; lastKnownFileType = folder.assetcatalog; path = "Preview Assets.xcassets"; sourceTree = "<group>"; };
		172E623A284792E10039B5F0 /* SeriesView.swift */ = {isa = PBXFileReference; lastKnownFileType = sourcecode.swift; path = SeriesView.swift; sourceTree = "<group>"; };
		17361EA427F5AC85000D70CF /* DownloadTab.swift */ = {isa = PBXFileReference; lastKnownFileType = sourcecode.swift; path = DownloadTab.swift; sourceTree = "<group>"; };
		17361EA627F5ACD0000D70CF /* LibraryTab.swift */ = {isa = PBXFileReference; lastKnownFileType = sourcecode.swift; path = LibraryTab.swift; sourceTree = "<group>"; };
		17361EA827F5AD05000D70CF /* SettingsTab.swift */ = {isa = PBXFileReference; lastKnownFileType = sourcecode.swift; path = SettingsTab.swift; sourceTree = "<group>"; };
		17361EAA27F5C7C3000D70CF /* Info.plist */ = {isa = PBXFileReference; lastKnownFileType = text.plist; path = Info.plist; sourceTree = "<group>"; };
		17361EB127F72937000D70CF /* PluginList.swift */ = {isa = PBXFileReference; lastKnownFileType = sourcecode.swift; path = PluginList.swift; sourceTree = "<group>"; };
		17B28F4728621FB9000B66C2 /* IdentifiableAnyStruct.swift */ = {isa = PBXFileReference; lastKnownFileType = sourcecode.swift; path = IdentifiableAnyStruct.swift; sourceTree = "<group>"; };
		17B28F4D286362D2000B66C2 /* InformationOnTrust.swift */ = {isa = PBXFileReference; lastKnownFileType = sourcecode.swift; path = InformationOnTrust.swift; sourceTree = "<group>"; };
		416AE2612853981B00224AF2 /* JSRunner.swift */ = {isa = PBXFileReference; lastKnownFileType = sourcecode.swift; path = JSRunner.swift; sourceTree = "<group>"; };
		416AE263285399FA00224AF2 /* WebView.swift */ = {isa = PBXFileReference; lastKnownFileType = sourcecode.swift; path = WebView.swift; sourceTree = "<group>"; };
		416AE26528554EB200224AF2 /* JSRunnerDefaultScript.js */ = {isa = PBXFileReference; lastKnownFileType = sourcecode.javascript; path = JSRunnerDefaultScript.js; sourceTree = "<group>"; };
		41A3326D28528E450009A6EC /* PlugInManager.swift */ = {isa = PBXFileReference; lastKnownFileType = sourcecode.swift; path = PlugInManager.swift; sourceTree = "<group>"; };
		41A3326F28528FCF0009A6EC /* PlugIn.swift */ = {isa = PBXFileReference; lastKnownFileType = sourcecode.swift; path = PlugIn.swift; sourceTree = "<group>"; };
		41C8D41A285A1ED2008D0EC7 /* LibraryDefaultScript.js */ = {isa = PBXFileReference; lastKnownFileType = sourcecode.javascript; path = LibraryDefaultScript.js; sourceTree = "<group>"; };
		41F87F1F2856471C00E53699 /* Library.swift */ = {isa = PBXFileReference; lastKnownFileType = sourcecode.swift; path = Library.swift; sourceTree = "<group>"; };
		41F87F212856778C00E53699 /* Series.swift */ = {isa = PBXFileReference; lastKnownFileType = sourcecode.swift; path = Series.swift; sourceTree = "<group>"; };
		DCD0EE7927FA3A9A00AFDCB7 /* Utils.swift */ = {isa = PBXFileReference; lastKnownFileType = sourcecode.swift; path = Utils.swift; sourceTree = "<group>"; };
/* End PBXFileReference section */

/* Begin PBXFrameworksBuildPhase section */
		172DE71927F4B30D00882059 /* Frameworks */ = {
			isa = PBXFrameworksBuildPhase;
			buildActionMask = 2147483647;
			files = (
			);
			runOnlyForDeploymentPostprocessing = 0;
		};
/* End PBXFrameworksBuildPhase section */

/* Begin PBXGroup section */
		171630DA282BD387001F799E /* Reader */ = {
			isa = PBXGroup;
			children = (
				171630DB282BD3B8001F799E /* Reader.swift */,
			);
			path = Reader;
			sourceTree = "<group>";
		};
		1718C86927FC23BC00D048DC /* LibraryTab */ = {
			isa = PBXGroup;
			children = (
				17361EA627F5ACD0000D70CF /* LibraryTab.swift */,
				172E623A284792E10039B5F0 /* SeriesView.swift */,
			);
			path = LibraryTab;
			sourceTree = "<group>";
		};
		1718C86A27FC23E700D048DC /* SettingsTab */ = {
			isa = PBXGroup;
			children = (
				17361EA827F5AD05000D70CF /* SettingsTab.swift */,
				17361EB127F72937000D70CF /* PluginList.swift */,
				17B28F4D286362D2000B66C2 /* InformationOnTrust.swift */,
			);
			path = SettingsTab;
			sourceTree = "<group>";
		};
		1718C86B27FC242D00D048DC /* DownloadTab */ = {
			isa = PBXGroup;
			children = (
				17361EA427F5AC85000D70CF /* DownloadTab.swift */,
			);
			path = DownloadTab;
			sourceTree = "<group>";
		};
		172DE71327F4B30D00882059 = {
			isa = PBXGroup;
			children = (
				172DE71E27F4B30D00882059 /* H3N-tLe */,
				172DE71D27F4B30D00882059 /* Products */,
			);
			sourceTree = "<group>";
		};
		172DE71D27F4B30D00882059 /* Products */ = {
			isa = PBXGroup;
			children = (
				172DE71C27F4B30D00882059 /* H3N-tLe.app */,
			);
			name = Products;
			sourceTree = "<group>";
		};
		172DE71E27F4B30D00882059 /* H3N-tLe */ = {
			isa = PBXGroup;
			children = (
				41F87F1E285609AF00E53699 /* Library */,
				41A3326C28528AFF0009A6EC /* PlugIns */,
				171630DA282BD387001F799E /* Reader */,
				1718C86B27FC242D00D048DC /* DownloadTab */,
				1718C86A27FC23E700D048DC /* SettingsTab */,
				1718C86927FC23BC00D048DC /* LibraryTab */,
				172DE72327F4B31000882059 /* Assets.xcassets */,
				172DE72127F4B30D00882059 /* ContentView.swift */,
				DCD0EE7927FA3A9A00AFDCB7 /* Utils.swift */,
				172DE71F27F4B30D00882059 /* H3N_tLeApp.swift */,
				17361EAA27F5C7C3000D70CF /* Info.plist */,
				172DE72527F4B31000882059 /* Preview Content */,
				17B28F4728621FB9000B66C2 /* IdentifiableAnyStruct.swift */,
			);
			path = "H3N-tLe";
			sourceTree = "<group>";
		};
		172DE72527F4B31000882059 /* Preview Content */ = {
			isa = PBXGroup;
			children = (
				172DE72627F4B31000882059 /* Preview Assets.xcassets */,
			);
			path = "Preview Content";
			sourceTree = "<group>";
		};
		41A3326C28528AFF0009A6EC /* PlugIns */ = {
			isa = PBXGroup;
			children = (
				41A3326D28528E450009A6EC /* PlugInManager.swift */,
				41A3326F28528FCF0009A6EC /* PlugIn.swift */,
				416AE2612853981B00224AF2 /* JSRunner.swift */,
				416AE263285399FA00224AF2 /* WebView.swift */,
				416AE26528554EB200224AF2 /* JSRunnerDefaultScript.js */,
			);
			path = PlugIns;
			sourceTree = "<group>";
		};
		41F87F1E285609AF00E53699 /* Library */ = {
			isa = PBXGroup;
			children = (
				41F87F1F2856471C00E53699 /* Library.swift */,
				41F87F212856778C00E53699 /* Series.swift */,
				41C8D41A285A1ED2008D0EC7 /* LibraryDefaultScript.js */,
			);
			path = Library;
			sourceTree = "<group>";
		};
/* End PBXGroup section */

/* Begin PBXNativeTarget section */
		172DE71B27F4B30D00882059 /* H3N-tLe */ = {
			isa = PBXNativeTarget;
			buildConfigurationList = 172DE72A27F4B31000882059 /* Build configuration list for PBXNativeTarget "H3N-tLe" */;
			buildPhases = (
				172DE71827F4B30D00882059 /* Sources */,
				172DE71927F4B30D00882059 /* Frameworks */,
				172DE71A27F4B30D00882059 /* Resources */,
			);
			buildRules = (
			);
			dependencies = (
			);
			name = "H3N-tLe";
			productName = "H3N-tLe";
			productReference = 172DE71C27F4B30D00882059 /* H3N-tLe.app */;
			productType = "com.apple.product-type.application";
		};
/* End PBXNativeTarget section */

/* Begin PBXProject section */
		172DE71427F4B30D00882059 /* Project object */ = {
			isa = PBXProject;
			attributes = {
				BuildIndependentTargetsInParallel = 1;
				LastSwiftUpdateCheck = 1330;
				LastUpgradeCheck = 1420;
				TargetAttributes = {
					172DE71B27F4B30D00882059 = {
						CreatedOnToolsVersion = 13.3;
					};
				};
			};
			buildConfigurationList = 172DE71727F4B30D00882059 /* Build configuration list for PBXProject "H3N-tLe" */;
			compatibilityVersion = "Xcode 12.0";
			developmentRegion = en;
			hasScannedForEncodings = 0;
			knownRegions = (
				en,
				Base,
			);
			mainGroup = 172DE71327F4B30D00882059;
			productRefGroup = 172DE71D27F4B30D00882059 /* Products */;
			projectDirPath = "";
			projectRoot = "";
			targets = (
				172DE71B27F4B30D00882059 /* H3N-tLe */,
			);
		};
/* End PBXProject section */

/* Begin PBXResourcesBuildPhase section */
		172DE71A27F4B30D00882059 /* Resources */ = {
			isa = PBXResourcesBuildPhase;
			buildActionMask = 2147483647;
			files = (
				416AE26628554EB200224AF2 /* JSRunnerDefaultScript.js in Resources */,
				41C8D41B285A1ED2008D0EC7 /* LibraryDefaultScript.js in Resources */,
				172DE72727F4B31000882059 /* Preview Assets.xcassets in Resources */,
				172DE72427F4B31000882059 /* Assets.xcassets in Resources */,
			);
			runOnlyForDeploymentPostprocessing = 0;
		};
/* End PBXResourcesBuildPhase section */

/* Begin PBXSourcesBuildPhase section */
		172DE71827F4B30D00882059 /* Sources */ = {
			isa = PBXSourcesBuildPhase;
			buildActionMask = 2147483647;
			files = (
				41F87F202856471C00E53699 /* Library.swift in Sources */,
				416AE2622853981B00224AF2 /* JSRunner.swift in Sources */,
				17361EA727F5ACD0000D70CF /* LibraryTab.swift in Sources */,
				172DE72227F4B30D00882059 /* ContentView.swift in Sources */,
				17361EA927F5AD05000D70CF /* SettingsTab.swift in Sources */,
				41F87F222856778C00E53699 /* Series.swift in Sources */,
				172DE72027F4B30D00882059 /* H3N_tLeApp.swift in Sources */,
				41A3327028528FCF0009A6EC /* PlugIn.swift in Sources */,
				41A3326E28528E450009A6EC /* PlugInManager.swift in Sources */,
				171630DC282BD3B8001F799E /* Reader.swift in Sources */,
				416AE264285399FA00224AF2 /* WebView.swift in Sources */,
				17B28F4E286362D2000B66C2 /* InformationOnTrust.swift in Sources */,
				17B28F4828621FB9000B66C2 /* IdentifiableAnyStruct.swift in Sources */,
				17361EB227F72937000D70CF /* PluginList.swift in Sources */,
				DCD0EE7A27FA3A9A00AFDCB7 /* Utils.swift in Sources */,
				17361EA527F5AC85000D70CF /* DownloadTab.swift in Sources */,
				172E623B284792E10039B5F0 /* SeriesView.swift in Sources */,
			);
			runOnlyForDeploymentPostprocessing = 0;
		};
/* End PBXSourcesBuildPhase section */

/* Begin XCBuildConfiguration section */
		172DE72827F4B31000882059 /* Debug */ = {
			isa = XCBuildConfiguration;
			buildSettings = {
				ALWAYS_SEARCH_USER_PATHS = NO;
				CLANG_ANALYZER_NONNULL = YES;
				CLANG_ANALYZER_NUMBER_OBJECT_CONVERSION = YES_AGGRESSIVE;
				CLANG_CXX_LANGUAGE_STANDARD = "gnu++17";
				CLANG_ENABLE_MODULES = YES;
				CLANG_ENABLE_OBJC_ARC = YES;
				CLANG_ENABLE_OBJC_WEAK = YES;
				CLANG_WARN_BLOCK_CAPTURE_AUTORELEASING = YES;
				CLANG_WARN_BOOL_CONVERSION = YES;
				CLANG_WARN_COMMA = YES;
				CLANG_WARN_CONSTANT_CONVERSION = YES;
				CLANG_WARN_DEPRECATED_OBJC_IMPLEMENTATIONS = YES;
				CLANG_WARN_DIRECT_OBJC_ISA_USAGE = YES_ERROR;
				CLANG_WARN_DOCUMENTATION_COMMENTS = YES;
				CLANG_WARN_EMPTY_BODY = YES;
				CLANG_WARN_ENUM_CONVERSION = YES;
				CLANG_WARN_INFINITE_RECURSION = YES;
				CLANG_WARN_INT_CONVERSION = YES;
				CLANG_WARN_NON_LITERAL_NULL_CONVERSION = YES;
				CLANG_WARN_OBJC_IMPLICIT_RETAIN_SELF = YES;
				CLANG_WARN_OBJC_LITERAL_CONVERSION = YES;
				CLANG_WARN_OBJC_ROOT_CLASS = YES_ERROR;
				CLANG_WARN_QUOTED_INCLUDE_IN_FRAMEWORK_HEADER = YES;
				CLANG_WARN_RANGE_LOOP_ANALYSIS = YES;
				CLANG_WARN_STRICT_PROTOTYPES = YES;
				CLANG_WARN_SUSPICIOUS_MOVE = YES;
				CLANG_WARN_UNGUARDED_AVAILABILITY = YES_AGGRESSIVE;
				CLANG_WARN_UNREACHABLE_CODE = YES;
				CLANG_WARN__DUPLICATE_METHOD_MATCH = YES;
				COPY_PHASE_STRIP = YES;
				DEBUG_INFORMATION_FORMAT = dwarf;
				ENABLE_STRICT_OBJC_MSGSEND = YES;
				ENABLE_TESTABILITY = YES;
				GCC_C_LANGUAGE_STANDARD = gnu11;
				GCC_DYNAMIC_NO_PIC = NO;
				GCC_NO_COMMON_BLOCKS = YES;
				GCC_OPTIMIZATION_LEVEL = 0;
				GCC_PREPROCESSOR_DEFINITIONS = (
					"DEBUG=1",
					"$(inherited)",
				);
				GCC_WARN_64_TO_32_BIT_CONVERSION = YES;
				GCC_WARN_ABOUT_RETURN_TYPE = YES_ERROR;
				GCC_WARN_UNDECLARED_SELECTOR = YES;
				GCC_WARN_UNINITIALIZED_AUTOS = YES_AGGRESSIVE;
				GCC_WARN_UNUSED_FUNCTION = YES;
				GCC_WARN_UNUSED_VARIABLE = YES;
				IPHONEOS_DEPLOYMENT_TARGET = 15.0;
				MTL_ENABLE_DEBUG_INFO = INCLUDE_SOURCE;
				MTL_FAST_MATH = YES;
				ONLY_ACTIVE_ARCH = YES;
				SDKROOT = iphoneos;
				SWIFT_ACTIVE_COMPILATION_CONDITIONS = DEBUG;
				SWIFT_OPTIMIZATION_LEVEL = "-Onone";
			};
			name = Debug;
		};
		172DE72927F4B31000882059 /* Release */ = {
			isa = XCBuildConfiguration;
			buildSettings = {
				ALWAYS_SEARCH_USER_PATHS = NO;
				CLANG_ANALYZER_NONNULL = YES;
				CLANG_ANALYZER_NUMBER_OBJECT_CONVERSION = YES_AGGRESSIVE;
				CLANG_CXX_LANGUAGE_STANDARD = "gnu++17";
				CLANG_ENABLE_MODULES = YES;
				CLANG_ENABLE_OBJC_ARC = YES;
				CLANG_ENABLE_OBJC_WEAK = YES;
				CLANG_WARN_BLOCK_CAPTURE_AUTORELEASING = YES;
				CLANG_WARN_BOOL_CONVERSION = YES;
				CLANG_WARN_COMMA = YES;
				CLANG_WARN_CONSTANT_CONVERSION = YES;
				CLANG_WARN_DEPRECATED_OBJC_IMPLEMENTATIONS = YES;
				CLANG_WARN_DIRECT_OBJC_ISA_USAGE = YES_ERROR;
				CLANG_WARN_DOCUMENTATION_COMMENTS = YES;
				CLANG_WARN_EMPTY_BODY = YES;
				CLANG_WARN_ENUM_CONVERSION = YES;
				CLANG_WARN_INFINITE_RECURSION = YES;
				CLANG_WARN_INT_CONVERSION = YES;
				CLANG_WARN_NON_LITERAL_NULL_CONVERSION = YES;
				CLANG_WARN_OBJC_IMPLICIT_RETAIN_SELF = YES;
				CLANG_WARN_OBJC_LITERAL_CONVERSION = YES;
				CLANG_WARN_OBJC_ROOT_CLASS = YES_ERROR;
				CLANG_WARN_QUOTED_INCLUDE_IN_FRAMEWORK_HEADER = YES;
				CLANG_WARN_RANGE_LOOP_ANALYSIS = YES;
				CLANG_WARN_STRICT_PROTOTYPES = YES;
				CLANG_WARN_SUSPICIOUS_MOVE = YES;
				CLANG_WARN_UNGUARDED_AVAILABILITY = YES_AGGRESSIVE;
				CLANG_WARN_UNREACHABLE_CODE = YES;
				CLANG_WARN__DUPLICATE_METHOD_MATCH = YES;
				COPY_PHASE_STRIP = YES;
				DEBUG_INFORMATION_FORMAT = "dwarf-with-dsym";
				ENABLE_NS_ASSERTIONS = NO;
				ENABLE_STRICT_OBJC_MSGSEND = YES;
				GCC_C_LANGUAGE_STANDARD = gnu11;
				GCC_NO_COMMON_BLOCKS = YES;
				GCC_OPTIMIZATION_LEVEL = 0;
				GCC_WARN_64_TO_32_BIT_CONVERSION = YES;
				GCC_WARN_ABOUT_RETURN_TYPE = YES_ERROR;
				GCC_WARN_UNDECLARED_SELECTOR = YES;
				GCC_WARN_UNINITIALIZED_AUTOS = YES_AGGRESSIVE;
				GCC_WARN_UNUSED_FUNCTION = YES;
				GCC_WARN_UNUSED_VARIABLE = YES;
				IPHONEOS_DEPLOYMENT_TARGET = 15.0;
				MTL_ENABLE_DEBUG_INFO = NO;
				MTL_FAST_MATH = YES;
				ONLY_ACTIVE_ARCH = YES;
				SDKROOT = iphoneos;
				SWIFT_OPTIMIZATION_LEVEL = "-Onone";
				VALIDATE_PRODUCT = YES;
			};
			name = Release;
		};
		172DE72B27F4B31000882059 /* Debug */ = {
			isa = XCBuildConfiguration;
			buildSettings = {
				ASSETCATALOG_COMPILER_APPICON_NAME = AppIcon;
				ASSETCATALOG_COMPILER_GLOBAL_ACCENT_COLOR_NAME = AccentColor;
				CODE_SIGN_STYLE = Automatic;
				CURRENT_PROJECT_VERSION = 1;
				DEVELOPMENT_ASSET_PATHS = "\"H3N-tLe/Preview Content\"";
				DEVELOPMENT_TEAM = 3JU98K7JYH;
				ENABLE_PREVIEWS = YES;
				GENERATE_INFOPLIST_FILE = YES;
				INFOPLIST_FILE = "H3N-tLe/Info.plist";
				INFOPLIST_KEY_LSSupportsOpeningDocumentsInPlace = YES;
				INFOPLIST_KEY_UIApplicationSupportsIndirectInputEvents = YES;
				INFOPLIST_KEY_UILaunchScreen_Generation = YES;
				INFOPLIST_KEY_UISupportedInterfaceOrientations_iPad = "UIInterfaceOrientationPortrait UIInterfaceOrientationPortraitUpsideDown UIInterfaceOrientationLandscapeLeft UIInterfaceOrientationLandscapeRight";
				INFOPLIST_KEY_UISupportedInterfaceOrientations_iPhone = "UIInterfaceOrientationPortrait UIInterfaceOrientationLandscapeLeft UIInterfaceOrientationLandscapeRight";
				INFOPLIST_KEY_UISupportsDocumentBrowser = YES;
				IPHONEOS_DEPLOYMENT_TARGET = 15.0;
				LD_RUNPATH_SEARCH_PATHS = (
					"$(inherited)",
					"@executable_path/Frameworks",
				);
				MARKETING_VERSION = 1.0;
				PRODUCT_BUNDLE_IDENTIFIER = "H3N-tLe.H3N-tLe";
				PRODUCT_NAME = "$(TARGET_NAME)";
				SWIFT_EMIT_LOC_STRINGS = YES;
				SWIFT_VERSION = 5.0;
				TARGETED_DEVICE_FAMILY = "1,2";
			};
			name = Debug;
		};
		172DE72C27F4B31000882059 /* Release */ = {
			isa = XCBuildConfiguration;
			buildSettings = {
				ASSETCATALOG_COMPILER_APPICON_NAME = AppIcon;
				ASSETCATALOG_COMPILER_GLOBAL_ACCENT_COLOR_NAME = AccentColor;
				CODE_SIGN_STYLE = Automatic;
				CURRENT_PROJECT_VERSION = 1;
				DEVELOPMENT_ASSET_PATHS = "\"H3N-tLe/Preview Content\"";
				DEVELOPMENT_TEAM = 3JU98K7JYH;
				ENABLE_PREVIEWS = YES;
				GENERATE_INFOPLIST_FILE = YES;
				INFOPLIST_FILE = "H3N-tLe/Info.plist";
				INFOPLIST_KEY_LSSupportsOpeningDocumentsInPlace = YES;
				INFOPLIST_KEY_UIApplicationSupportsIndirectInputEvents = YES;
				INFOPLIST_KEY_UILaunchScreen_Generation = YES;
				INFOPLIST_KEY_UISupportedInterfaceOrientations_iPad = "UIInterfaceOrientationPortrait UIInterfaceOrientationPortraitUpsideDown UIInterfaceOrientationLandscapeLeft UIInterfaceOrientationLandscapeRight";
				INFOPLIST_KEY_UISupportedInterfaceOrientations_iPhone = "UIInterfaceOrientationPortrait UIInterfaceOrientationLandscapeLeft UIInterfaceOrientationLandscapeRight";
				INFOPLIST_KEY_UISupportsDocumentBrowser = YES;
				IPHONEOS_DEPLOYMENT_TARGET = 15.0;
				LD_RUNPATH_SEARCH_PATHS = (
					"$(inherited)",
					"@executable_path/Frameworks",
				);
				MARKETING_VERSION = 1.0;
				PRODUCT_BUNDLE_IDENTIFIER = "H3N-tLe.H3N-tLe";
				PRODUCT_NAME = "$(TARGET_NAME)";
				SWIFT_EMIT_LOC_STRINGS = YES;
				SWIFT_VERSION = 5.0;
				TARGETED_DEVICE_FAMILY = "1,2";
			};
			name = Release;
		};
/* End XCBuildConfiguration section */

/* Begin XCConfigurationList section */
		172DE71727F4B30D00882059 /* Build configuration list for PBXProject "H3N-tLe" */ = {
			isa = XCConfigurationList;
			buildConfigurations = (
				172DE72827F4B31000882059 /* Debug */,
				172DE72927F4B31000882059 /* Release */,
			);
			defaultConfigurationIsVisible = 0;
			defaultConfigurationName = Release;
		};
		172DE72A27F4B31000882059 /* Build configuration list for PBXNativeTarget "H3N-tLe" */ = {
			isa = XCConfigurationList;
			buildConfigurations = (
				172DE72B27F4B31000882059 /* Debug */,
				172DE72C27F4B31000882059 /* Release */,
			);
			defaultConfigurationIsVisible = 0;
			defaultConfigurationName = Release;
		};
/* End XCConfigurationList section */
	};
	rootObject = 172DE71427F4B30D00882059 /* Project object */;
}
